
Microsoft Visual Studio Solution File, Format Version 12.00
# Visual Studio Version 17
VisualStudioVersion = 17.1.32210.238
MinimumVisualStudioVersion = 10.0.40219.1
Project("{FAE04EC0-301F-11D3-BF4B-00C04F79EFBC}") = "First-App", "First-App\First-App.csproj", "{CB5FFE90-9711-4866-A153-28DDB892F032}"
EndProject
Global
	GlobalSection(SolutionConfigurationPlatforms) = preSolution
		Debug|Any CPU = Debug|Any CPU
		Release|Any CPU = Release|Any CPU
	EndGlobalSection
	GlobalSection(ProjectConfigurationPlatforms) = postSolution
		{CB5FFE90-9711-4866-A153-28DDB892F032}.Debug|Any CPU.ActiveCfg = Debug|Any CPU
		{CB5FFE90-9711-4866-A153-28DDB892F032}.Debug|Any CPU.Build.0 = Debug|Any CPU
		{CB5FFE90-9711-4866-A153-28DDB892F032}.Release|Any CPU.ActiveCfg = Release|Any CPU
		{CB5FFE90-9711-4866-A153-28DDB892F032}.Release|Any CPU.Build.0 = Release|Any CPU
	EndGlobalSection
	GlobalSection(SolutionProperties) = preSolution
		HideSolutionNode = FALSE
	EndGlobalSection
	GlobalSection(ExtensibilityGlobals) = postSolution
		SolutionGuid = {53AFC2E6-35B4-4B12-88CE-2CFC1737FDCB}
	EndGlobalSection
EndGlobal
