
Microsoft Visual Studio Solution File, Format Version 12.00
# Visual Studio Version 17
VisualStudioVersion = 17.1.32210.238
MinimumVisualStudioVersion = 10.0.40219.1
Project("{9A19103F-16F7-4668-BE54-9A1E7A4F7556}") = "HW5.Business", "HW5.Business\HW5.Business.csproj", "{A23F89A8-81D4-4189-9D38-C9D7E6B392B6}"
EndProject
Project("{9A19103F-16F7-4668-BE54-9A1E7A4F7556}") = "HW5.DataAccess.EntityFramework", "HW5.DataAccess.EntityFramework\HW5.DataAccess.EntityFramework.csproj", "{C0756BC2-64DC-4ABC-A9DB-97AA878EDC5E}"
EndProject
Project("{9A19103F-16F7-4668-BE54-9A1E7A4F7556}") = "HW5.DataAccess.EntityFramework.Repository", "HW5.DataAccess.EntityFramework.Repository\HW5.DataAccess.EntityFramework.Repository.csproj", "{B956C268-6571-419F-B2FC-E549872A6A37}"
EndProject
Project("{9A19103F-16F7-4668-BE54-9A1E7A4F7556}") = "HW5.Domain", "HW5.Domain\HW5.Domain.csproj", "{99111045-148B-4469-9C79-72C607E2B3AD}"
EndProject
Project("{9A19103F-16F7-4668-BE54-9A1E7A4F7556}") = "HW5.BackgroundWorker.API", "HW5.BackgroundWorker.API\HW5.BackgroundWorker.API.csproj", "{E27D57F5-2D62-490B-AB5B-AEBAD5503C4F}"
EndProject
Global
	GlobalSection(SolutionConfigurationPlatforms) = preSolution
		Debug|Any CPU = Debug|Any CPU
		Release|Any CPU = Release|Any CPU
	EndGlobalSection
	GlobalSection(ProjectConfigurationPlatforms) = postSolution
		{A23F89A8-81D4-4189-9D38-C9D7E6B392B6}.Debug|Any CPU.ActiveCfg = Debug|Any CPU
		{A23F89A8-81D4-4189-9D38-C9D7E6B392B6}.Debug|Any CPU.Build.0 = Debug|Any CPU
		{A23F89A8-81D4-4189-9D38-C9D7E6B392B6}.Release|Any CPU.ActiveCfg = Release|Any CPU
		{A23F89A8-81D4-4189-9D38-C9D7E6B392B6}.Release|Any CPU.Build.0 = Release|Any CPU
		{C0756BC2-64DC-4ABC-A9DB-97AA878EDC5E}.Debug|Any CPU.ActiveCfg = Debug|Any CPU
		{C0756BC2-64DC-4ABC-A9DB-97AA878EDC5E}.Debug|Any CPU.Build.0 = Debug|Any CPU
		{C0756BC2-64DC-4ABC-A9DB-97AA878EDC5E}.Release|Any CPU.ActiveCfg = Release|Any CPU
		{C0756BC2-64DC-4ABC-A9DB-97AA878EDC5E}.Release|Any CPU.Build.0 = Release|Any CPU
		{B956C268-6571-419F-B2FC-E549872A6A37}.Debug|Any CPU.ActiveCfg = Debug|Any CPU
		{B956C268-6571-419F-B2FC-E549872A6A37}.Debug|Any CPU.Build.0 = Debug|Any CPU
		{B956C268-6571-419F-B2FC-E549872A6A37}.Release|Any CPU.ActiveCfg = Release|Any CPU
		{B956C268-6571-419F-B2FC-E549872A6A37}.Release|Any CPU.Build.0 = Release|Any CPU
		{99111045-148B-4469-9C79-72C607E2B3AD}.Debug|Any CPU.ActiveCfg = Debug|Any CPU
		{99111045-148B-4469-9C79-72C607E2B3AD}.Debug|Any CPU.Build.0 = Debug|Any CPU
		{99111045-148B-4469-9C79-72C607E2B3AD}.Release|Any CPU.ActiveCfg = Release|Any CPU
		{99111045-148B-4469-9C79-72C607E2B3AD}.Release|Any CPU.Build.0 = Release|Any CPU
		{E27D57F5-2D62-490B-AB5B-AEBAD5503C4F}.Debug|Any CPU.ActiveCfg = Debug|Any CPU
		{E27D57F5-2D62-490B-AB5B-AEBAD5503C4F}.Debug|Any CPU.Build.0 = Debug|Any CPU
		{E27D57F5-2D62-490B-AB5B-AEBAD5503C4F}.Release|Any CPU.ActiveCfg = Release|Any CPU
		{E27D57F5-2D62-490B-AB5B-AEBAD5503C4F}.Release|Any CPU.Build.0 = Release|Any CPU
	EndGlobalSection
	GlobalSection(SolutionProperties) = preSolution
		HideSolutionNode = FALSE
	EndGlobalSection
	GlobalSection(ExtensibilityGlobals) = postSolution
		SolutionGuid = {BC058A51-252D-439C-BB8A-1AE032CE4C54}
	EndGlobalSection
EndGlobal
